// !$*UTF8*$!
{
	archiveVersion = 1;
	classes = {
	};
	objectVersion = 56;
	objects = {

/* Begin PBXBuildFile section */
		391596622904176500A432D9 /* UIView+Extension.swift in Sources */ = {isa = PBXBuildFile; fileRef = 391596612904176500A432D9 /* UIView+Extension.swift */; };
		391CBA19290580460044CA30 /* ReflectionInfoViewController.swift in Sources */ = {isa = PBXBuildFile; fileRef = 391CBA18290580460044CA30 /* ReflectionInfoViewController.swift */; };
		391CBA1C290582130044CA30 /* ReflectionInfoModel.swift in Sources */ = {isa = PBXBuildFile; fileRef = 391CBA1B290582130044CA30 /* ReflectionInfoModel.swift */; };
		391D217C29050427003FC871 /* CustomVisualEffectView.swift in Sources */ = {isa = PBXBuildFile; fileRef = 391D217B29050427003FC871 /* CustomVisualEffectView.swift */; };
		39257DC528F8FEBD00201E0B /* AppDelegate.swift in Sources */ = {isa = PBXBuildFile; fileRef = 39257DC428F8FEBD00201E0B /* AppDelegate.swift */; };
		39257DC728F8FEBD00201E0B /* SceneDelegate.swift in Sources */ = {isa = PBXBuildFile; fileRef = 39257DC628F8FEBD00201E0B /* SceneDelegate.swift */; };
		39257DCE28F8FEBE00201E0B /* Assets.xcassets in Resources */ = {isa = PBXBuildFile; fileRef = 39257DCD28F8FEBE00201E0B /* Assets.xcassets */; };
		39257DD128F8FEBE00201E0B /* LaunchScreen.storyboard in Resources */ = {isa = PBXBuildFile; fileRef = 39257DCF28F8FEBE00201E0B /* LaunchScreen.storyboard */; };
		39257DEB28F9373900201E0B /* BaseViewController.swift in Sources */ = {isa = PBXBuildFile; fileRef = 39257DEA28F9373900201E0B /* BaseViewController.swift */; };
		39257DED28F9378D00201E0B /* BaseCollectionViewCell.swift in Sources */ = {isa = PBXBuildFile; fileRef = 39257DEC28F9378D00201E0B /* BaseCollectionViewCell.swift */; };
		39257DEF28F937A500201E0B /* BaseTableViewCell.swift in Sources */ = {isa = PBXBuildFile; fileRef = 39257DEE28F937A500201E0B /* BaseTableViewCell.swift */; };
		39257DF128F93C2A00201E0B /* ImageLiteral.swift in Sources */ = {isa = PBXBuildFile; fileRef = 39257DF028F93C2A00201E0B /* ImageLiteral.swift */; };
		39257DF328F93D8900201E0B /* TextLiteral.swift in Sources */ = {isa = PBXBuildFile; fileRef = 39257DF228F93D8900201E0B /* TextLiteral.swift */; };
		39257DF528F93E4700201E0B /* UIColor+Extension.swift in Sources */ = {isa = PBXBuildFile; fileRef = 39257DF428F93E4700201E0B /* UIColor+Extension.swift */; };
		39436C1029127BBA0083D77A /* MyFeedbackCollectionView.swift in Sources */ = {isa = PBXBuildFile; fileRef = 39436C0F29127BBA0083D77A /* MyFeedbackCollectionView.swift */; };
		39436C132912877D0083D77A /* MyFeedbackHeaderView.swift in Sources */ = {isa = PBXBuildFile; fileRef = 39436C122912877D0083D77A /* MyFeedbackHeaderView.swift */; };
		39436C15291287A00083D77A /* MyFeedbackCollectionViewCell.swift in Sources */ = {isa = PBXBuildFile; fileRef = 39436C14291287A00083D77A /* MyFeedbackCollectionViewCell.swift */; };
		39436C182912A2E10083D77A /* Feedback.swift in Sources */ = {isa = PBXBuildFile; fileRef = 39436C172912A2E10083D77A /* Feedback.swift */; };
		395C7E0328F945B500FC2FCA /* UIFont+Extension.swift in Sources */ = {isa = PBXBuildFile; fileRef = 395C7E0228F945B500FC2FCA /* UIFont+Extension.swift */; };
		395C7E0528F953D200FC2FCA /* UIViewController+Extension.swift in Sources */ = {isa = PBXBuildFile; fileRef = 395C7E0428F953D200FC2FCA /* UIViewController+Extension.swift */; };
		395C7E0B28F9550A00FC2FCA /* NSObject+Extension.swift in Sources */ = {isa = PBXBuildFile; fileRef = 395C7E0A28F9550A00FC2FCA /* NSObject+Extension.swift */; };
		395C7E0D28F959A500FC2FCA /* MainButton.swift in Sources */ = {isa = PBXBuildFile; fileRef = 395C7E0C28F959A500FC2FCA /* MainButton.swift */; };
		395C7E1328F9841A00FC2FCA /* SizeLiteral.swift in Sources */ = {isa = PBXBuildFile; fileRef = 395C7E1228F9841A00FC2FCA /* SizeLiteral.swift */; };
		395C7E1628F984B300FC2FCA /* SnapKit in Frameworks */ = {isa = PBXBuildFile; productRef = 395C7E1528F984B300FC2FCA /* SnapKit */; };
		395C7E1828F9912700FC2FCA /* UIButton+Extension.swift in Sources */ = {isa = PBXBuildFile; fileRef = 395C7E1728F9912700FC2FCA /* UIButton+Extension.swift */; };
		395C7E1B28FEC42900FC2FCA /* AddReflectionViewController.swift in Sources */ = {isa = PBXBuildFile; fileRef = 395C7E1A28FEC42900FC2FCA /* AddReflectionViewController.swift */; };
		395C7E1D28FEC8C400FC2FCA /* CloseButton.swift in Sources */ = {isa = PBXBuildFile; fileRef = 395C7E1C28FEC8C400FC2FCA /* CloseButton.swift */; };
		395C7E2028FED7B500FC2FCA /* ReflectionNameView.swift in Sources */ = {isa = PBXBuildFile; fileRef = 395C7E1F28FED7B500FC2FCA /* ReflectionNameView.swift */; };
		395C7E2228FEDB6500FC2FCA /* UITextField+Extension.swift in Sources */ = {isa = PBXBuildFile; fileRef = 395C7E2128FEDB6500FC2FCA /* UITextField+Extension.swift */; };
		395C7E252900E74700FC2FCA /* StartReflectionViewController.swift in Sources */ = {isa = PBXBuildFile; fileRef = 395C7E242900E74700FC2FCA /* StartReflectionViewController.swift */; };
		3977E1252910CFF1000E9761 /* sample1 in Resources */ = {isa = PBXBuildFile; fileRef = 3977E1242910CFF1000E9761 /* sample1 */; };
		39A64ACE2905885F001DB020 /* StartSuggestionView.swift in Sources */ = {isa = PBXBuildFile; fileRef = 39A64ACD2905885F001DB020 /* StartSuggestionView.swift */; };
		39F1A13529125762005E3456 /* MyBoxViewController.swift in Sources */ = {isa = PBXBuildFile; fileRef = 39F1A13429125762005E3456 /* MyBoxViewController.swift */; };
		39F1A13C2912637E005E3456 /* MyBoxMemberCollectionViewCell.swift in Sources */ = {isa = PBXBuildFile; fileRef = 39F1A13B2912637E005E3456 /* MyBoxMemberCollectionViewCell.swift */; };
		39F5582B2908027500CD6F6E /* UIDevice+Extension.swift in Sources */ = {isa = PBXBuildFile; fileRef = 39F5582A2908027500CD6F6E /* UIDevice+Extension.swift */; };
		39F5583D2908CFAD00CD6F6E /* Encodable+Extension.swift in Sources */ = {isa = PBXBuildFile; fileRef = 39F5583C2908CFAD00CD6F6E /* Encodable+Extension.swift */; };
		3E557FC328FE7BBC00714E46 /* HomeViewController.swift in Sources */ = {isa = PBXBuildFile; fileRef = 3E557FC228FE7BBC00714E46 /* HomeViewController.swift */; };
		3E557FC528FE854600714E46 /* KeywordLabel.swift in Sources */ = {isa = PBXBuildFile; fileRef = 3E557FC428FE854600714E46 /* KeywordLabel.swift */; };
		3E557FF82901CD3400714E46 /* KeywordCollectionViewFlowLayout.swift in Sources */ = {isa = PBXBuildFile; fileRef = 3E557FF72901CD3400714E46 /* KeywordCollectionViewFlowLayout.swift */; };
		3E557FFA2901CD4200714E46 /* KeywordCollectionViewCell.swift in Sources */ = {isa = PBXBuildFile; fileRef = 3E557FF92901CD4200714E46 /* KeywordCollectionViewCell.swift */; };
		3E557FFD2901CD7400714E46 /* Keyword.swift in Sources */ = {isa = PBXBuildFile; fileRef = 3E557FFC2901CD7400714E46 /* Keyword.swift */; };
		3E5580072906A7B200714E46 /* InProgressViewController.swift in Sources */ = {isa = PBXBuildFile; fileRef = 3E5580062906A7B200714E46 /* InProgressViewController.swift */; };
		3E8052DF2906E09100A6449D /* SectionHeaderView.swift in Sources */ = {isa = PBXBuildFile; fileRef = 3E8052DE2906E09100A6449D /* SectionHeaderView.swift */; };
		52294C462918F81500E81969 /* Member.swift in Sources */ = {isa = PBXBuildFile; fileRef = 52294C452918F81500E81969 /* Member.swift */; };
		522D99BF29041B51009CBD95 /* FeedbackTextView.swift in Sources */ = {isa = PBXBuildFile; fileRef = 522D99BE29041B51009CBD95 /* FeedbackTextView.swift */; };
		525E721528FEEE8500EF3FCB /* AddFeedbackMemberViewController.swift in Sources */ = {isa = PBXBuildFile; fileRef = 525E721428FEEE8500EF3FCB /* AddFeedbackMemberViewController.swift */; };
		525E721A28FF0F1900EF3FCB /* MemberCollectionViewCell.swift in Sources */ = {isa = PBXBuildFile; fileRef = 525E721928FF0F1900EF3FCB /* MemberCollectionViewCell.swift */; };
		525E721C28FF0F5B00EF3FCB /* MemberCollectionView.swift in Sources */ = {isa = PBXBuildFile; fileRef = 525E721B28FF0F5B00EF3FCB /* MemberCollectionView.swift */; };
		525E721F28FFC89800EF3FCB /* AddFeedbackContentViewController.swift in Sources */ = {isa = PBXBuildFile; fileRef = 525E721E28FFC89800EF3FCB /* AddFeedbackContentViewController.swift */; };
		525E722128FFC9A800EF3FCB /* BackButton.swift in Sources */ = {isa = PBXBuildFile; fileRef = 525E722028FFC9A800EF3FCB /* BackButton.swift */; };
		525E722528FFCFA600EF3FCB /* FeedbackTypeButtonView.swift in Sources */ = {isa = PBXBuildFile; fileRef = 525E722428FFCFA600EF3FCB /* FeedbackTypeButtonView.swift */; };
		52AED2DD29128532004D70B9 /* FeedbackFromMeModel.swift in Sources */ = {isa = PBXBuildFile; fileRef = 52AED2DC29128532004D70B9 /* FeedbackFromMeModel.swift */; };
		52F07B9A2912541B0015BC8B /* FeedbackFromMeDetailViewController.swift in Sources */ = {isa = PBXBuildFile; fileRef = 52F07B992912541B0015BC8B /* FeedbackFromMeDetailViewController.swift */; };
		52F2D1C12906F172009CBF89 /* SelectFeedbackMemberViewController.swift in Sources */ = {isa = PBXBuildFile; fileRef = 52F2D1C02906F172009CBF89 /* SelectFeedbackMemberViewController.swift */; };
		52FA42A02906608E00C35824 /* Date+Extension.swift in Sources */ = {isa = PBXBuildFile; fileRef = 52FA429F2906608E00C35824 /* Date+Extension.swift */; };
		7E2ECA102901136700A4D65C /* SetupNicknameViewController.swift in Sources */ = {isa = PBXBuildFile; fileRef = 7E2ECA0F2901136700A4D65C /* SetupNicknameViewController.swift */; };
		7E6B662F28FE887300C3BEEF /* UILabel+Extension.swift in Sources */ = {isa = PBXBuildFile; fileRef = 7E6B662E28FE887300C3BEEF /* UILabel+Extension.swift */; };
		7EB4D58229011EF7001FC396 /* JoinTeamViewController.swift in Sources */ = {isa = PBXBuildFile; fileRef = 7EB4D58129011EF7001FC396 /* JoinTeamViewController.swift */; };
		D724790C28FEC8C900D67B50 /* BaseTextFieldViewController.swift in Sources */ = {isa = PBXBuildFile; fileRef = D724790B28FEC8C900D67B50 /* BaseTextFieldViewController.swift */; };
		D724790E28FEEEC300D67B50 /* KigoTextField.swift in Sources */ = {isa = PBXBuildFile; fileRef = D724790D28FEEEC300D67B50 /* KigoTextField.swift */; };
		D72CF1B0290552960067A118 /* InvitedCodeViewController.swift in Sources */ = {isa = PBXBuildFile; fileRef = D72CF1AF290552960067A118 /* InvitedCodeViewController.swift */; };
		D79D908C2903B6B1004DDC4A /* LabelButtonView.swift in Sources */ = {isa = PBXBuildFile; fileRef = D79D908B2903B6B1004DDC4A /* LabelButtonView.swift */; };
		D79D908E29041F42004DDC4A /* CreateTeamViewController.swift in Sources */ = {isa = PBXBuildFile; fileRef = D79D908D29041F42004DDC4A /* CreateTeamViewController.swift */; };
/* End PBXBuildFile section */

/* Begin PBXFileReference section */
		391596612904176500A432D9 /* UIView+Extension.swift */ = {isa = PBXFileReference; lastKnownFileType = sourcecode.swift; path = "UIView+Extension.swift"; sourceTree = "<group>"; };
		391CBA18290580460044CA30 /* ReflectionInfoViewController.swift */ = {isa = PBXFileReference; lastKnownFileType = sourcecode.swift; path = ReflectionInfoViewController.swift; sourceTree = "<group>"; };
		391CBA1B290582130044CA30 /* ReflectionInfoModel.swift */ = {isa = PBXFileReference; lastKnownFileType = sourcecode.swift; path = ReflectionInfoModel.swift; sourceTree = "<group>"; };
		391D217B29050427003FC871 /* CustomVisualEffectView.swift */ = {isa = PBXFileReference; lastKnownFileType = sourcecode.swift; path = CustomVisualEffectView.swift; sourceTree = "<group>"; };
		39257DC128F8FEBD00201E0B /* Maddori.Apple.app */ = {isa = PBXFileReference; explicitFileType = wrapper.application; includeInIndex = 0; path = Maddori.Apple.app; sourceTree = BUILT_PRODUCTS_DIR; };
		39257DC428F8FEBD00201E0B /* AppDelegate.swift */ = {isa = PBXFileReference; lastKnownFileType = sourcecode.swift; path = AppDelegate.swift; sourceTree = "<group>"; };
		39257DC628F8FEBD00201E0B /* SceneDelegate.swift */ = {isa = PBXFileReference; lastKnownFileType = sourcecode.swift; path = SceneDelegate.swift; sourceTree = "<group>"; };
		39257DCD28F8FEBE00201E0B /* Assets.xcassets */ = {isa = PBXFileReference; lastKnownFileType = folder.assetcatalog; path = Assets.xcassets; sourceTree = "<group>"; };
		39257DD028F8FEBE00201E0B /* Base */ = {isa = PBXFileReference; lastKnownFileType = file.storyboard; name = Base; path = Base.lproj/LaunchScreen.storyboard; sourceTree = "<group>"; };
		39257DD228F8FEBE00201E0B /* Info.plist */ = {isa = PBXFileReference; lastKnownFileType = text.plist.xml; path = Info.plist; sourceTree = "<group>"; };
		39257DEA28F9373900201E0B /* BaseViewController.swift */ = {isa = PBXFileReference; lastKnownFileType = sourcecode.swift; path = BaseViewController.swift; sourceTree = "<group>"; };
		39257DEC28F9378D00201E0B /* BaseCollectionViewCell.swift */ = {isa = PBXFileReference; lastKnownFileType = sourcecode.swift; path = BaseCollectionViewCell.swift; sourceTree = "<group>"; };
		39257DEE28F937A500201E0B /* BaseTableViewCell.swift */ = {isa = PBXFileReference; lastKnownFileType = sourcecode.swift; path = BaseTableViewCell.swift; sourceTree = "<group>"; };
		39257DF028F93C2A00201E0B /* ImageLiteral.swift */ = {isa = PBXFileReference; lastKnownFileType = sourcecode.swift; path = ImageLiteral.swift; sourceTree = "<group>"; };
		39257DF228F93D8900201E0B /* TextLiteral.swift */ = {isa = PBXFileReference; lastKnownFileType = sourcecode.swift; path = TextLiteral.swift; sourceTree = "<group>"; };
		39257DF428F93E4700201E0B /* UIColor+Extension.swift */ = {isa = PBXFileReference; lastKnownFileType = sourcecode.swift; path = "UIColor+Extension.swift"; sourceTree = "<group>"; };
		39436C0F29127BBA0083D77A /* MyFeedbackCollectionView.swift */ = {isa = PBXFileReference; lastKnownFileType = sourcecode.swift; path = MyFeedbackCollectionView.swift; sourceTree = "<group>"; };
		39436C122912877D0083D77A /* MyFeedbackHeaderView.swift */ = {isa = PBXFileReference; lastKnownFileType = sourcecode.swift; path = MyFeedbackHeaderView.swift; sourceTree = "<group>"; };
		39436C14291287A00083D77A /* MyFeedbackCollectionViewCell.swift */ = {isa = PBXFileReference; lastKnownFileType = sourcecode.swift; path = MyFeedbackCollectionViewCell.swift; sourceTree = "<group>"; };
		39436C172912A2E10083D77A /* Feedback.swift */ = {isa = PBXFileReference; lastKnownFileType = sourcecode.swift; path = Feedback.swift; sourceTree = "<group>"; };
		395C7E0228F945B500FC2FCA /* UIFont+Extension.swift */ = {isa = PBXFileReference; lastKnownFileType = sourcecode.swift; path = "UIFont+Extension.swift"; sourceTree = "<group>"; };
		395C7E0428F953D200FC2FCA /* UIViewController+Extension.swift */ = {isa = PBXFileReference; lastKnownFileType = sourcecode.swift; path = "UIViewController+Extension.swift"; sourceTree = "<group>"; };
		395C7E0A28F9550A00FC2FCA /* NSObject+Extension.swift */ = {isa = PBXFileReference; lastKnownFileType = sourcecode.swift; path = "NSObject+Extension.swift"; sourceTree = "<group>"; };
		395C7E0C28F959A500FC2FCA /* MainButton.swift */ = {isa = PBXFileReference; lastKnownFileType = sourcecode.swift; path = MainButton.swift; sourceTree = "<group>"; };
		395C7E1228F9841A00FC2FCA /* SizeLiteral.swift */ = {isa = PBXFileReference; lastKnownFileType = sourcecode.swift; path = SizeLiteral.swift; sourceTree = "<group>"; };
		395C7E1728F9912700FC2FCA /* UIButton+Extension.swift */ = {isa = PBXFileReference; lastKnownFileType = sourcecode.swift; path = "UIButton+Extension.swift"; sourceTree = "<group>"; };
		395C7E1A28FEC42900FC2FCA /* AddReflectionViewController.swift */ = {isa = PBXFileReference; lastKnownFileType = sourcecode.swift; path = AddReflectionViewController.swift; sourceTree = "<group>"; };
		395C7E1C28FEC8C400FC2FCA /* CloseButton.swift */ = {isa = PBXFileReference; lastKnownFileType = sourcecode.swift; path = CloseButton.swift; sourceTree = "<group>"; };
		395C7E1F28FED7B500FC2FCA /* ReflectionNameView.swift */ = {isa = PBXFileReference; lastKnownFileType = sourcecode.swift; path = ReflectionNameView.swift; sourceTree = "<group>"; };
		395C7E2128FEDB6500FC2FCA /* UITextField+Extension.swift */ = {isa = PBXFileReference; lastKnownFileType = sourcecode.swift; path = "UITextField+Extension.swift"; sourceTree = "<group>"; };
		395C7E242900E74700FC2FCA /* StartReflectionViewController.swift */ = {isa = PBXFileReference; lastKnownFileType = sourcecode.swift; path = StartReflectionViewController.swift; sourceTree = "<group>"; };
		3977E1242910CFF1000E9761 /* sample1 */ = {isa = PBXFileReference; lastKnownFileType = text; path = sample1; sourceTree = "<group>"; };
		39A64ACD2905885F001DB020 /* StartSuggestionView.swift */ = {isa = PBXFileReference; lastKnownFileType = sourcecode.swift; path = StartSuggestionView.swift; sourceTree = "<group>"; };
		39F1A13429125762005E3456 /* MyBoxViewController.swift */ = {isa = PBXFileReference; lastKnownFileType = sourcecode.swift; path = MyBoxViewController.swift; sourceTree = "<group>"; };
		39F1A13B2912637E005E3456 /* MyBoxMemberCollectionViewCell.swift */ = {isa = PBXFileReference; lastKnownFileType = sourcecode.swift; path = MyBoxMemberCollectionViewCell.swift; sourceTree = "<group>"; };
		39F5582A2908027500CD6F6E /* UIDevice+Extension.swift */ = {isa = PBXFileReference; lastKnownFileType = sourcecode.swift; path = "UIDevice+Extension.swift"; sourceTree = "<group>"; };
		39F5583C2908CFAD00CD6F6E /* Encodable+Extension.swift */ = {isa = PBXFileReference; lastKnownFileType = sourcecode.swift; path = "Encodable+Extension.swift"; sourceTree = "<group>"; };
		3E557FC228FE7BBC00714E46 /* HomeViewController.swift */ = {isa = PBXFileReference; lastKnownFileType = sourcecode.swift; path = HomeViewController.swift; sourceTree = "<group>"; };
		3E557FC428FE854600714E46 /* KeywordLabel.swift */ = {isa = PBXFileReference; lastKnownFileType = sourcecode.swift; path = KeywordLabel.swift; sourceTree = "<group>"; };
		3E557FF72901CD3400714E46 /* KeywordCollectionViewFlowLayout.swift */ = {isa = PBXFileReference; lastKnownFileType = sourcecode.swift; path = KeywordCollectionViewFlowLayout.swift; sourceTree = "<group>"; };
		3E557FF92901CD4200714E46 /* KeywordCollectionViewCell.swift */ = {isa = PBXFileReference; lastKnownFileType = sourcecode.swift; path = KeywordCollectionViewCell.swift; sourceTree = "<group>"; };
		3E557FFC2901CD7400714E46 /* Keyword.swift */ = {isa = PBXFileReference; lastKnownFileType = sourcecode.swift; path = Keyword.swift; sourceTree = "<group>"; };
		3E5580062906A7B200714E46 /* InProgressViewController.swift */ = {isa = PBXFileReference; lastKnownFileType = sourcecode.swift; path = InProgressViewController.swift; sourceTree = "<group>"; };
		3E8052DE2906E09100A6449D /* SectionHeaderView.swift */ = {isa = PBXFileReference; lastKnownFileType = sourcecode.swift; path = SectionHeaderView.swift; sourceTree = "<group>"; };
		52294C452918F81500E81969 /* Member.swift */ = {isa = PBXFileReference; lastKnownFileType = sourcecode.swift; path = Member.swift; sourceTree = "<group>"; };
		522D99BE29041B51009CBD95 /* FeedbackTextView.swift */ = {isa = PBXFileReference; lastKnownFileType = sourcecode.swift; path = FeedbackTextView.swift; sourceTree = "<group>"; };
		525E721428FEEE8500EF3FCB /* AddFeedbackMemberViewController.swift */ = {isa = PBXFileReference; lastKnownFileType = sourcecode.swift; path = AddFeedbackMemberViewController.swift; sourceTree = "<group>"; };
		525E721928FF0F1900EF3FCB /* MemberCollectionViewCell.swift */ = {isa = PBXFileReference; lastKnownFileType = sourcecode.swift; path = MemberCollectionViewCell.swift; sourceTree = "<group>"; };
		525E721B28FF0F5B00EF3FCB /* MemberCollectionView.swift */ = {isa = PBXFileReference; lastKnownFileType = sourcecode.swift; path = MemberCollectionView.swift; sourceTree = "<group>"; };
		525E721E28FFC89800EF3FCB /* AddFeedbackContentViewController.swift */ = {isa = PBXFileReference; lastKnownFileType = sourcecode.swift; path = AddFeedbackContentViewController.swift; sourceTree = "<group>"; };
		525E722028FFC9A800EF3FCB /* BackButton.swift */ = {isa = PBXFileReference; lastKnownFileType = sourcecode.swift; path = BackButton.swift; sourceTree = "<group>"; };
		525E722428FFCFA600EF3FCB /* FeedbackTypeButtonView.swift */ = {isa = PBXFileReference; lastKnownFileType = sourcecode.swift; path = FeedbackTypeButtonView.swift; sourceTree = "<group>"; };
		52AED2DC29128532004D70B9 /* FeedbackFromMeModel.swift */ = {isa = PBXFileReference; lastKnownFileType = sourcecode.swift; path = FeedbackFromMeModel.swift; sourceTree = "<group>"; };
		52F07B992912541B0015BC8B /* FeedbackFromMeDetailViewController.swift */ = {isa = PBXFileReference; lastKnownFileType = sourcecode.swift; path = FeedbackFromMeDetailViewController.swift; sourceTree = "<group>"; };
		52F2D1C02906F172009CBF89 /* SelectFeedbackMemberViewController.swift */ = {isa = PBXFileReference; lastKnownFileType = sourcecode.swift; path = SelectFeedbackMemberViewController.swift; sourceTree = "<group>"; };
		52FA429F2906608E00C35824 /* Date+Extension.swift */ = {isa = PBXFileReference; lastKnownFileType = sourcecode.swift; path = "Date+Extension.swift"; sourceTree = "<group>"; };
		7E2ECA0F2901136700A4D65C /* SetupNicknameViewController.swift */ = {isa = PBXFileReference; lastKnownFileType = sourcecode.swift; path = SetupNicknameViewController.swift; sourceTree = "<group>"; };
		7E6B662E28FE887300C3BEEF /* UILabel+Extension.swift */ = {isa = PBXFileReference; lastKnownFileType = sourcecode.swift; path = "UILabel+Extension.swift"; sourceTree = "<group>"; };
		7EB4D58129011EF7001FC396 /* JoinTeamViewController.swift */ = {isa = PBXFileReference; lastKnownFileType = sourcecode.swift; path = JoinTeamViewController.swift; sourceTree = "<group>"; };
		D724790B28FEC8C900D67B50 /* BaseTextFieldViewController.swift */ = {isa = PBXFileReference; lastKnownFileType = sourcecode.swift; path = BaseTextFieldViewController.swift; sourceTree = "<group>"; };
		D724790D28FEEEC300D67B50 /* KigoTextField.swift */ = {isa = PBXFileReference; lastKnownFileType = sourcecode.swift; path = KigoTextField.swift; sourceTree = "<group>"; };
		D72CF1AF290552960067A118 /* InvitedCodeViewController.swift */ = {isa = PBXFileReference; lastKnownFileType = sourcecode.swift; path = InvitedCodeViewController.swift; sourceTree = "<group>"; };
		D79D908B2903B6B1004DDC4A /* LabelButtonView.swift */ = {isa = PBXFileReference; lastKnownFileType = sourcecode.swift; path = LabelButtonView.swift; sourceTree = "<group>"; };
		D79D908D29041F42004DDC4A /* CreateTeamViewController.swift */ = {isa = PBXFileReference; lastKnownFileType = sourcecode.swift; path = CreateTeamViewController.swift; sourceTree = "<group>"; };
/* End PBXFileReference section */

/* Begin PBXFrameworksBuildPhase section */
		39257DBE28F8FEBD00201E0B /* Frameworks */ = {
			isa = PBXFrameworksBuildPhase;
			buildActionMask = 2147483647;
			files = (
				395C7E1628F984B300FC2FCA /* SnapKit in Frameworks */,
			);
			runOnlyForDeploymentPostprocessing = 0;
		};
/* End PBXFrameworksBuildPhase section */

/* Begin PBXGroup section */
		391CBA17290580360044CA30 /* ReflectionInfo */ = {
			isa = PBXGroup;
			children = (
				39A64ACC2905882C001DB020 /* UIComponent */,
				391CBA18290580460044CA30 /* ReflectionInfoViewController.swift */,
			);
			path = ReflectionInfo;
			sourceTree = "<group>";
		};
		391CBA1A290582030044CA30 /* ReflectionInfo */ = {
			isa = PBXGroup;
			children = (
				391CBA1B290582130044CA30 /* ReflectionInfoModel.swift */,
			);
			path = ReflectionInfo;
			sourceTree = "<group>";
		};
		391D217A29050413003FC871 /* UIComponent */ = {
			isa = PBXGroup;
			children = (
				391D217B29050427003FC871 /* CustomVisualEffectView.swift */,
			);
			path = UIComponent;
			sourceTree = "<group>";
		};
		39257DB828F8FEBD00201E0B = {
			isa = PBXGroup;
			children = (
				39257DC328F8FEBD00201E0B /* Maddori.Apple */,
				39257DC228F8FEBD00201E0B /* Products */,
			);
			sourceTree = "<group>";
		};
		39257DC228F8FEBD00201E0B /* Products */ = {
			isa = PBXGroup;
			children = (
				39257DC128F8FEBD00201E0B /* Maddori.Apple.app */,
			);
			name = Products;
			sourceTree = "<group>";
		};
		39257DC328F8FEBD00201E0B /* Maddori.Apple */ = {
			isa = PBXGroup;
			children = (
				39257DD828F90EA900201E0B /* Network */,
				39257DD928F90EB100201E0B /* Screen */,
				39257DDA28F90EBD00201E0B /* Global */,
			);
			path = Maddori.Apple;
			sourceTree = "<group>";
		};
		39257DD828F90EA900201E0B /* Network */ = {
			isa = PBXGroup;
			children = (
				52294C442918F80800E81969 /* Member */,
				39436C162912A2D30083D77A /* Feedback */,
				52F07B9D2912849E0015BC8B /* FeedbackFromMe */,
				391CBA1A290582030044CA30 /* ReflectionInfo */,
				3E557FFB2901CD6600714E46 /* Keyword */,
			);
			path = Network;
			sourceTree = "<group>";
		};
		39257DD928F90EB100201E0B /* Screen */ = {
			isa = PBXGroup;
			children = (
				D724790A28FEC8A800D67B50 /* Setup */,
				3977E11F2910CECB000E9761 /* Home */,
				3977E1202910CF7E000E9761 /* MyBox */,
				3977E1212910CFCB000E9761 /* MyReflection */,
			);
			path = Screen;
			sourceTree = "<group>";
		};
		39257DDA28F90EBD00201E0B /* Global */ = {
			isa = PBXGroup;
			children = (
				39257DE328F90F7200201E0B /* Literal */,
				39257DE828F90F9500201E0B /* Base */,
				39257DE728F90F8F00201E0B /* Supports */,
				39257DE628F90F8B00201E0B /* Extension */,
				39257DE528F90F8100201E0B /* UIComponent */,
				39257DE428F90F7700201E0B /* Resource */,
			);
			path = Global;
			sourceTree = "<group>";
		};
		39257DE328F90F7200201E0B /* Literal */ = {
			isa = PBXGroup;
			children = (
				39257DF028F93C2A00201E0B /* ImageLiteral.swift */,
				39257DF228F93D8900201E0B /* TextLiteral.swift */,
				395C7E1228F9841A00FC2FCA /* SizeLiteral.swift */,
			);
			path = Literal;
			sourceTree = "<group>";
		};
		39257DE428F90F7700201E0B /* Resource */ = {
			isa = PBXGroup;
			children = (
				39257DCF28F8FEBE00201E0B /* LaunchScreen.storyboard */,
				39257DCD28F8FEBE00201E0B /* Assets.xcassets */,
			);
			path = Resource;
			sourceTree = "<group>";
		};
		39257DE528F90F8100201E0B /* UIComponent */ = {
			isa = PBXGroup;
			children = (
				3977E12929121B6A000E9761 /* View */,
				3977E12829121A22000E9761 /* CollectionView */,
				3977E127291219DC000E9761 /* TextField */,
				3977E12629121863000E9761 /* Button */,
			);
			path = UIComponent;
			sourceTree = "<group>";
		};
		39257DE628F90F8B00201E0B /* Extension */ = {
			isa = PBXGroup;
			children = (
				39257DF428F93E4700201E0B /* UIColor+Extension.swift */,
				7E6B662E28FE887300C3BEEF /* UILabel+Extension.swift */,
				395C7E0228F945B500FC2FCA /* UIFont+Extension.swift */,
				395C7E0428F953D200FC2FCA /* UIViewController+Extension.swift */,
				395C7E0A28F9550A00FC2FCA /* NSObject+Extension.swift */,
				395C7E1728F9912700FC2FCA /* UIButton+Extension.swift */,
				395C7E2128FEDB6500FC2FCA /* UITextField+Extension.swift */,
				391596612904176500A432D9 /* UIView+Extension.swift */,
				52FA429F2906608E00C35824 /* Date+Extension.swift */,
				39F5582A2908027500CD6F6E /* UIDevice+Extension.swift */,
				39F5583C2908CFAD00CD6F6E /* Encodable+Extension.swift */,
			);
			path = Extension;
			sourceTree = "<group>";
		};
		39257DE728F90F8F00201E0B /* Supports */ = {
			isa = PBXGroup;
			children = (
				39257DD228F8FEBE00201E0B /* Info.plist */,
				39257DC628F8FEBD00201E0B /* SceneDelegate.swift */,
				39257DC428F8FEBD00201E0B /* AppDelegate.swift */,
			);
			path = Supports;
			sourceTree = "<group>";
		};
		39257DE828F90F9500201E0B /* Base */ = {
			isa = PBXGroup;
			children = (
				39257DEA28F9373900201E0B /* BaseViewController.swift */,
				39257DEC28F9378D00201E0B /* BaseCollectionViewCell.swift */,
				39257DEE28F937A500201E0B /* BaseTableViewCell.swift */,
				D724790B28FEC8C900D67B50 /* BaseTextFieldViewController.swift */,
			);
			path = Base;
			sourceTree = "<group>";
		};
		39436C162912A2D30083D77A /* Feedback */ = {
			isa = PBXGroup;
			children = (
				39436C172912A2E10083D77A /* Feedback.swift */,
			);
			path = Feedback;
			sourceTree = "<group>";
		};
		395C7E1928FEC3FB00FC2FCA /* AddReflection */ = {
			isa = PBXGroup;
			children = (
				395C7E1E28FED78E00FC2FCA /* UIComponent */,
				395C7E1A28FEC42900FC2FCA /* AddReflectionViewController.swift */,
			);
			path = AddReflection;
			sourceTree = "<group>";
		};
		395C7E1E28FED78E00FC2FCA /* UIComponent */ = {
			isa = PBXGroup;
			children = (
				395C7E1F28FED7B500FC2FCA /* ReflectionNameView.swift */,
			);
			path = UIComponent;
			sourceTree = "<group>";
		};
		395C7E232900E72900FC2FCA /* StartReflection */ = {
			isa = PBXGroup;
			children = (
				391D217A29050413003FC871 /* UIComponent */,
				395C7E242900E74700FC2FCA /* StartReflectionViewController.swift */,
			);
			path = StartReflection;
			sourceTree = "<group>";
		};
		3977E11F2910CECB000E9761 /* Home */ = {
			isa = PBXGroup;
			children = (
				395C7E232900E72900FC2FCA /* StartReflection */,
				391CBA17290580360044CA30 /* ReflectionInfo */,
				52F2D1BF2906F157009CBF89 /* SelectFeedbackMember */,
				3E5580052906A79D00714E46 /* InProgress */,
				525E721D28FFC85200EF3FCB /* AddFeedbackContent */,
				395C7E1928FEC3FB00FC2FCA /* AddReflection */,
				525E721328FE9C5600EF3FCB /* AddFeedbackMember */,
				3E557FC128FE7B9200714E46 /* HomeView */,
			);
			path = Home;
			sourceTree = "<group>";
		};
		3977E1202910CF7E000E9761 /* MyBox */ = {
			isa = PBXGroup;
			children = (
				52294C47291A231300E81969 /* MyBox */,
				52F07B98291253D30015BC8B /* FeedbackFromMeDetail */,
			);
			path = MyBox;
			sourceTree = "<group>";
		};
		3977E1212910CFCB000E9761 /* MyReflection */ = {
			isa = PBXGroup;
			children = (
				3977E1242910CFF1000E9761 /* sample1 */,
			);
			path = MyReflection;
			sourceTree = "<group>";
		};
		3977E12629121863000E9761 /* Button */ = {
			isa = PBXGroup;
			children = (
				525E722428FFCFA600EF3FCB /* FeedbackTypeButtonView.swift */,
				525E722028FFC9A800EF3FCB /* BackButton.swift */,
				395C7E1C28FEC8C400FC2FCA /* CloseButton.swift */,
				395C7E0C28F959A500FC2FCA /* MainButton.swift */,
			);
			path = Button;
			sourceTree = "<group>";
		};
		3977E127291219DC000E9761 /* TextField */ = {
			isa = PBXGroup;
			children = (
				522D99BE29041B51009CBD95 /* FeedbackTextView.swift */,
				D724790D28FEEEC300D67B50 /* KigoTextField.swift */,
			);
			path = TextField;
			sourceTree = "<group>";
		};
		3977E12829121A22000E9761 /* CollectionView */ = {
			isa = PBXGroup;
			children = (
				3E557FF92901CD4200714E46 /* KeywordCollectionViewCell.swift */,
				3E557FF72901CD3400714E46 /* KeywordCollectionViewFlowLayout.swift */,
				3E8052DE2906E09100A6449D /* SectionHeaderView.swift */,
				525E721B28FF0F5B00EF3FCB /* MemberCollectionView.swift */,
				525E721928FF0F1900EF3FCB /* MemberCollectionViewCell.swift */,
			);
			path = CollectionView;
			sourceTree = "<group>";
		};
		3977E12929121B6A000E9761 /* View */ = {
			isa = PBXGroup;
			children = (
				D79D908B2903B6B1004DDC4A /* LabelButtonView.swift */,
				3E557FC428FE854600714E46 /* KeywordLabel.swift */,
			);
			path = View;
			sourceTree = "<group>";
		};
		39A64ACC2905882C001DB020 /* UIComponent */ = {
			isa = PBXGroup;
			children = (
				39A64ACD2905885F001DB020 /* StartSuggestionView.swift */,
			);
			path = UIComponent;
			sourceTree = "<group>";
		};
		39F1A136291262B4005E3456 /* UIComponent */ = {
			isa = PBXGroup;
			children = (
				39436C0F29127BBA0083D77A /* MyFeedbackCollectionView.swift */,
			);
			path = UIComponent;
			sourceTree = "<group>";
		};
		39F1A138291262EA005E3456 /* Cell */ = {
			isa = PBXGroup;
			children = (
				39F1A13B2912637E005E3456 /* MyBoxMemberCollectionViewCell.swift */,
				39436C122912877D0083D77A /* MyFeedbackHeaderView.swift */,
				39436C14291287A00083D77A /* MyFeedbackCollectionViewCell.swift */,
			);
			path = Cell;
			sourceTree = "<group>";
		};
		3E557FC128FE7B9200714E46 /* HomeView */ = {
			isa = PBXGroup;
			children = (
				3E557FC228FE7BBC00714E46 /* HomeViewController.swift */,
			);
			path = HomeView;
			sourceTree = "<group>";
		};
		3E557FFB2901CD6600714E46 /* Keyword */ = {
			isa = PBXGroup;
			children = (
				3E557FFC2901CD7400714E46 /* Keyword.swift */,
			);
			path = Keyword;
			sourceTree = "<group>";
		};
		3E5580052906A79D00714E46 /* InProgress */ = {
			isa = PBXGroup;
			children = (
				3E5580062906A7B200714E46 /* InProgressViewController.swift */,
			);
			path = InProgress;
			sourceTree = "<group>";
		};
		52294C442918F80800E81969 /* Member */ = {
			isa = PBXGroup;
			children = (
				52294C452918F81500E81969 /* Member.swift */,
			);
			path = Member;
			sourceTree = "<group>";
		};
		52294C47291A231300E81969 /* MyBox */ = {
			isa = PBXGroup;
			children = (
				39F1A138291262EA005E3456 /* Cell */,
				39F1A136291262B4005E3456 /* UIComponent */,
				39F1A13429125762005E3456 /* MyBoxViewController.swift */,
			);
			path = MyBox;
			sourceTree = "<group>";
		};
		525E721328FE9C5600EF3FCB /* AddFeedbackMember */ = {
			isa = PBXGroup;
			children = (
				525E721428FEEE8500EF3FCB /* AddFeedbackMemberViewController.swift */,
			);
			path = AddFeedbackMember;
			sourceTree = "<group>";
		};
		525E721D28FFC85200EF3FCB /* AddFeedbackContent */ = {
			isa = PBXGroup;
			children = (
				525E721E28FFC89800EF3FCB /* AddFeedbackContentViewController.swift */,
			);
			path = AddFeedbackContent;
			sourceTree = "<group>";
		};
		52F07B98291253D30015BC8B /* FeedbackFromMeDetail */ = {
			isa = PBXGroup;
			children = (
				52F07B992912541B0015BC8B /* FeedbackFromMeDetailViewController.swift */,
			);
			path = FeedbackFromMeDetail;
			sourceTree = "<group>";
		};
		52F07B9D2912849E0015BC8B /* FeedbackFromMe */ = {
			isa = PBXGroup;
			children = (
				52AED2DC29128532004D70B9 /* FeedbackFromMeModel.swift */,
			);
			path = FeedbackFromMe;
			sourceTree = "<group>";
		};
		52F2D1BF2906F157009CBF89 /* SelectFeedbackMember */ = {
			isa = PBXGroup;
			children = (
				52F2D1C02906F172009CBF89 /* SelectFeedbackMemberViewController.swift */,
			);
			path = SelectFeedbackMember;
			sourceTree = "<group>";
		};
		D724790A28FEC8A800D67B50 /* Setup */ = {
			isa = PBXGroup;
			children = (
				7E2ECA0F2901136700A4D65C /* SetupNicknameViewController.swift */,
				7EB4D58129011EF7001FC396 /* JoinTeamViewController.swift */,
				D79D908D29041F42004DDC4A /* CreateTeamViewController.swift */,
				D72CF1AF290552960067A118 /* InvitedCodeViewController.swift */,
			);
			path = Setup;
			sourceTree = "<group>";
		};
/* End PBXGroup section */

/* Begin PBXNativeTarget section */
		39257DC028F8FEBD00201E0B /* Maddori.Apple */ = {
			isa = PBXNativeTarget;
			buildConfigurationList = 39257DD528F8FEBE00201E0B /* Build configuration list for PBXNativeTarget "Maddori.Apple" */;
			buildPhases = (
				39257DBD28F8FEBD00201E0B /* Sources */,
				39257DBE28F8FEBD00201E0B /* Frameworks */,
				39257DBF28F8FEBD00201E0B /* Resources */,
			);
			buildRules = (
			);
			dependencies = (
			);
			name = Maddori.Apple;
			packageProductDependencies = (
				395C7E1528F984B300FC2FCA /* SnapKit */,
			);
			productName = Maddori.Apple;
			productReference = 39257DC128F8FEBD00201E0B /* Maddori.Apple.app */;
			productType = "com.apple.product-type.application";
		};
/* End PBXNativeTarget section */

/* Begin PBXProject section */
		39257DB928F8FEBD00201E0B /* Project object */ = {
			isa = PBXProject;
			attributes = {
				BuildIndependentTargetsInParallel = 1;
				LastSwiftUpdateCheck = 1400;
				LastUpgradeCheck = 1400;
				TargetAttributes = {
					39257DC028F8FEBD00201E0B = {
						CreatedOnToolsVersion = 14.0.1;
					};
				};
			};
			buildConfigurationList = 39257DBC28F8FEBD00201E0B /* Build configuration list for PBXProject "Maddori.Apple" */;
			compatibilityVersion = "Xcode 14.0";
			developmentRegion = en;
			hasScannedForEncodings = 0;
			knownRegions = (
				en,
				Base,
			);
			mainGroup = 39257DB828F8FEBD00201E0B;
			packageReferences = (
				395C7E1428F984B300FC2FCA /* XCRemoteSwiftPackageReference "SnapKit" */,
			);
			productRefGroup = 39257DC228F8FEBD00201E0B /* Products */;
			projectDirPath = "";
			projectRoot = "";
			targets = (
				39257DC028F8FEBD00201E0B /* Maddori.Apple */,
			);
		};
/* End PBXProject section */

/* Begin PBXResourcesBuildPhase section */
		39257DBF28F8FEBD00201E0B /* Resources */ = {
			isa = PBXResourcesBuildPhase;
			buildActionMask = 2147483647;
			files = (
				3977E1252910CFF1000E9761 /* sample1 in Resources */,
				39257DD128F8FEBE00201E0B /* LaunchScreen.storyboard in Resources */,
				39257DCE28F8FEBE00201E0B /* Assets.xcassets in Resources */,
			);
			runOnlyForDeploymentPostprocessing = 0;
		};
/* End PBXResourcesBuildPhase section */

/* Begin PBXSourcesBuildPhase section */
		39257DBD28F8FEBD00201E0B /* Sources */ = {
			isa = PBXSourcesBuildPhase;
			buildActionMask = 2147483647;
			files = (
				525E721C28FF0F5B00EF3FCB /* MemberCollectionView.swift in Sources */,
				395C7E2028FED7B500FC2FCA /* ReflectionNameView.swift in Sources */,
				522D99BF29041B51009CBD95 /* FeedbackTextView.swift in Sources */,
				39F1A13529125762005E3456 /* MyBoxViewController.swift in Sources */,
				391D217C29050427003FC871 /* CustomVisualEffectView.swift in Sources */,
				391CBA1C290582130044CA30 /* ReflectionInfoModel.swift in Sources */,
				3E557FFA2901CD4200714E46 /* KeywordCollectionViewCell.swift in Sources */,
				395C7E0528F953D200FC2FCA /* UIViewController+Extension.swift in Sources */,
				39257DEB28F9373900201E0B /* BaseViewController.swift in Sources */,
				39436C1029127BBA0083D77A /* MyFeedbackCollectionView.swift in Sources */,
				525E722128FFC9A800EF3FCB /* BackButton.swift in Sources */,
				3E5580072906A7B200714E46 /* InProgressViewController.swift in Sources */,
				39436C132912877D0083D77A /* MyFeedbackHeaderView.swift in Sources */,
				52294C462918F81500E81969 /* Member.swift in Sources */,
				395C7E1828F9912700FC2FCA /* UIButton+Extension.swift in Sources */,
				3E557FC328FE7BBC00714E46 /* HomeViewController.swift in Sources */,
				52FA42A02906608E00C35824 /* Date+Extension.swift in Sources */,
				39F5582B2908027500CD6F6E /* UIDevice+Extension.swift in Sources */,
				395C7E1328F9841A00FC2FCA /* SizeLiteral.swift in Sources */,
				391596622904176500A432D9 /* UIView+Extension.swift in Sources */,
				39257DC528F8FEBD00201E0B /* AppDelegate.swift in Sources */,
				39F5583D2908CFAD00CD6F6E /* Encodable+Extension.swift in Sources */,
				39257DC728F8FEBD00201E0B /* SceneDelegate.swift in Sources */,
				52F07B9A2912541B0015BC8B /* FeedbackFromMeDetailViewController.swift in Sources */,
				525E722528FFCFA600EF3FCB /* FeedbackTypeButtonView.swift in Sources */,
				39A64ACE2905885F001DB020 /* StartSuggestionView.swift in Sources */,
				525E721F28FFC89800EF3FCB /* AddFeedbackContentViewController.swift in Sources */,
				52AED2DD29128532004D70B9 /* FeedbackFromMeModel.swift in Sources */,
				D724790C28FEC8C900D67B50 /* BaseTextFieldViewController.swift in Sources */,
				7E6B662F28FE887300C3BEEF /* UILabel+Extension.swift in Sources */,
				395C7E0B28F9550A00FC2FCA /* NSObject+Extension.swift in Sources */,
				D79D908E29041F42004DDC4A /* CreateTeamViewController.swift in Sources */,
				3E557FFD2901CD7400714E46 /* Keyword.swift in Sources */,
				395C7E1D28FEC8C400FC2FCA /* CloseButton.swift in Sources */,
				D79D908C2903B6B1004DDC4A /* LabelButtonView.swift in Sources */,
				39257DEF28F937A500201E0B /* BaseTableViewCell.swift in Sources */,
				3E557FC528FE854600714E46 /* KeywordLabel.swift in Sources */,
				39257DF128F93C2A00201E0B /* ImageLiteral.swift in Sources */,
				395C7E252900E74700FC2FCA /* StartReflectionViewController.swift in Sources */,
				3E557FF82901CD3400714E46 /* KeywordCollectionViewFlowLayout.swift in Sources */,
				395C7E1B28FEC42900FC2FCA /* AddReflectionViewController.swift in Sources */,
				D724790E28FEEEC300D67B50 /* KigoTextField.swift in Sources */,
				7EB4D58229011EF7001FC396 /* JoinTeamViewController.swift in Sources */,
				39257DED28F9378D00201E0B /* BaseCollectionViewCell.swift in Sources */,
				391CBA19290580460044CA30 /* ReflectionInfoViewController.swift in Sources */,
				39F1A13C2912637E005E3456 /* MyBoxMemberCollectionViewCell.swift in Sources */,
				525E721A28FF0F1900EF3FCB /* MemberCollectionViewCell.swift in Sources */,
				395C7E2228FEDB6500FC2FCA /* UITextField+Extension.swift in Sources */,
				D72CF1B0290552960067A118 /* InvitedCodeViewController.swift in Sources */,
				39257DF328F93D8900201E0B /* TextLiteral.swift in Sources */,
				39436C15291287A00083D77A /* MyFeedbackCollectionViewCell.swift in Sources */,
				395C7E0D28F959A500FC2FCA /* MainButton.swift in Sources */,
				525E721528FEEE8500EF3FCB /* AddFeedbackMemberViewController.swift in Sources */,
				39257DF528F93E4700201E0B /* UIColor+Extension.swift in Sources */,
				52F2D1C12906F172009CBF89 /* SelectFeedbackMemberViewController.swift in Sources */,
				395C7E0328F945B500FC2FCA /* UIFont+Extension.swift in Sources */,
				3E8052DF2906E09100A6449D /* SectionHeaderView.swift in Sources */,
				39436C182912A2E10083D77A /* Feedback.swift in Sources */,
				7E2ECA102901136700A4D65C /* SetupNicknameViewController.swift in Sources */,
			);
			runOnlyForDeploymentPostprocessing = 0;
		};
/* End PBXSourcesBuildPhase section */

/* Begin PBXVariantGroup section */
		39257DCF28F8FEBE00201E0B /* LaunchScreen.storyboard */ = {
			isa = PBXVariantGroup;
			children = (
				39257DD028F8FEBE00201E0B /* Base */,
			);
			name = LaunchScreen.storyboard;
			sourceTree = "<group>";
		};
/* End PBXVariantGroup section */

/* Begin XCBuildConfiguration section */
		39257DD328F8FEBE00201E0B /* Debug */ = {
			isa = XCBuildConfiguration;
			buildSettings = {
				ALWAYS_SEARCH_USER_PATHS = NO;
				CLANG_ANALYZER_NONNULL = YES;
				CLANG_ANALYZER_NUMBER_OBJECT_CONVERSION = YES_AGGRESSIVE;
				CLANG_CXX_LANGUAGE_STANDARD = "gnu++20";
				CLANG_ENABLE_MODULES = YES;
				CLANG_ENABLE_OBJC_ARC = YES;
				CLANG_ENABLE_OBJC_WEAK = YES;
				CLANG_WARN_BLOCK_CAPTURE_AUTORELEASING = YES;
				CLANG_WARN_BOOL_CONVERSION = YES;
				CLANG_WARN_COMMA = YES;
				CLANG_WARN_CONSTANT_CONVERSION = YES;
				CLANG_WARN_DEPRECATED_OBJC_IMPLEMENTATIONS = YES;
				CLANG_WARN_DIRECT_OBJC_ISA_USAGE = YES_ERROR;
				CLANG_WARN_DOCUMENTATION_COMMENTS = YES;
				CLANG_WARN_EMPTY_BODY = YES;
				CLANG_WARN_ENUM_CONVERSION = YES;
				CLANG_WARN_INFINITE_RECURSION = YES;
				CLANG_WARN_INT_CONVERSION = YES;
				CLANG_WARN_NON_LITERAL_NULL_CONVERSION = YES;
				CLANG_WARN_OBJC_IMPLICIT_RETAIN_SELF = YES;
				CLANG_WARN_OBJC_LITERAL_CONVERSION = YES;
				CLANG_WARN_OBJC_ROOT_CLASS = YES_ERROR;
				CLANG_WARN_QUOTED_INCLUDE_IN_FRAMEWORK_HEADER = YES;
				CLANG_WARN_RANGE_LOOP_ANALYSIS = YES;
				CLANG_WARN_STRICT_PROTOTYPES = YES;
				CLANG_WARN_SUSPICIOUS_MOVE = YES;
				CLANG_WARN_UNGUARDED_AVAILABILITY = YES_AGGRESSIVE;
				CLANG_WARN_UNREACHABLE_CODE = YES;
				CLANG_WARN__DUPLICATE_METHOD_MATCH = YES;
				COPY_PHASE_STRIP = NO;
				DEBUG_INFORMATION_FORMAT = dwarf;
				ENABLE_STRICT_OBJC_MSGSEND = YES;
				ENABLE_TESTABILITY = YES;
				GCC_C_LANGUAGE_STANDARD = gnu11;
				GCC_DYNAMIC_NO_PIC = NO;
				GCC_NO_COMMON_BLOCKS = YES;
				GCC_OPTIMIZATION_LEVEL = 0;
				GCC_PREPROCESSOR_DEFINITIONS = (
					"DEBUG=1",
					"$(inherited)",
				);
				GCC_WARN_64_TO_32_BIT_CONVERSION = YES;
				GCC_WARN_ABOUT_RETURN_TYPE = YES_ERROR;
				GCC_WARN_UNDECLARED_SELECTOR = YES;
				GCC_WARN_UNINITIALIZED_AUTOS = YES_AGGRESSIVE;
				GCC_WARN_UNUSED_FUNCTION = YES;
				GCC_WARN_UNUSED_VARIABLE = YES;
				INFOPLIST_KEY_UIUserInterfaceStyle = Light;
				IPHONEOS_DEPLOYMENT_TARGET = 14.0;
				MTL_ENABLE_DEBUG_INFO = INCLUDE_SOURCE;
				MTL_FAST_MATH = YES;
				ONLY_ACTIVE_ARCH = YES;
				SDKROOT = iphoneos;
				SWIFT_ACTIVE_COMPILATION_CONDITIONS = DEBUG;
				SWIFT_OPTIMIZATION_LEVEL = "-Onone";
			};
			name = Debug;
		};
		39257DD428F8FEBE00201E0B /* Release */ = {
			isa = XCBuildConfiguration;
			buildSettings = {
				ALWAYS_SEARCH_USER_PATHS = NO;
				CLANG_ANALYZER_NONNULL = YES;
				CLANG_ANALYZER_NUMBER_OBJECT_CONVERSION = YES_AGGRESSIVE;
				CLANG_CXX_LANGUAGE_STANDARD = "gnu++20";
				CLANG_ENABLE_MODULES = YES;
				CLANG_ENABLE_OBJC_ARC = YES;
				CLANG_ENABLE_OBJC_WEAK = YES;
				CLANG_WARN_BLOCK_CAPTURE_AUTORELEASING = YES;
				CLANG_WARN_BOOL_CONVERSION = YES;
				CLANG_WARN_COMMA = YES;
				CLANG_WARN_CONSTANT_CONVERSION = YES;
				CLANG_WARN_DEPRECATED_OBJC_IMPLEMENTATIONS = YES;
				CLANG_WARN_DIRECT_OBJC_ISA_USAGE = YES_ERROR;
				CLANG_WARN_DOCUMENTATION_COMMENTS = YES;
				CLANG_WARN_EMPTY_BODY = YES;
				CLANG_WARN_ENUM_CONVERSION = YES;
				CLANG_WARN_INFINITE_RECURSION = YES;
				CLANG_WARN_INT_CONVERSION = YES;
				CLANG_WARN_NON_LITERAL_NULL_CONVERSION = YES;
				CLANG_WARN_OBJC_IMPLICIT_RETAIN_SELF = YES;
				CLANG_WARN_OBJC_LITERAL_CONVERSION = YES;
				CLANG_WARN_OBJC_ROOT_CLASS = YES_ERROR;
				CLANG_WARN_QUOTED_INCLUDE_IN_FRAMEWORK_HEADER = YES;
				CLANG_WARN_RANGE_LOOP_ANALYSIS = YES;
				CLANG_WARN_STRICT_PROTOTYPES = YES;
				CLANG_WARN_SUSPICIOUS_MOVE = YES;
				CLANG_WARN_UNGUARDED_AVAILABILITY = YES_AGGRESSIVE;
				CLANG_WARN_UNREACHABLE_CODE = YES;
				CLANG_WARN__DUPLICATE_METHOD_MATCH = YES;
				COPY_PHASE_STRIP = NO;
				DEBUG_INFORMATION_FORMAT = "dwarf-with-dsym";
				ENABLE_NS_ASSERTIONS = NO;
				ENABLE_STRICT_OBJC_MSGSEND = YES;
				GCC_C_LANGUAGE_STANDARD = gnu11;
				GCC_NO_COMMON_BLOCKS = YES;
				GCC_WARN_64_TO_32_BIT_CONVERSION = YES;
				GCC_WARN_ABOUT_RETURN_TYPE = YES_ERROR;
				GCC_WARN_UNDECLARED_SELECTOR = YES;
				GCC_WARN_UNINITIALIZED_AUTOS = YES_AGGRESSIVE;
				GCC_WARN_UNUSED_FUNCTION = YES;
				GCC_WARN_UNUSED_VARIABLE = YES;
				INFOPLIST_KEY_UIUserInterfaceStyle = Light;
				IPHONEOS_DEPLOYMENT_TARGET = 14.0;
				MTL_ENABLE_DEBUG_INFO = NO;
				MTL_FAST_MATH = YES;
				SDKROOT = iphoneos;
				SWIFT_COMPILATION_MODE = wholemodule;
				SWIFT_OPTIMIZATION_LEVEL = "-O";
				VALIDATE_PRODUCT = YES;
			};
			name = Release;
		};
		39257DD628F8FEBE00201E0B /* Debug */ = {
			isa = XCBuildConfiguration;
			buildSettings = {
				ASSETCATALOG_COMPILER_APPICON_NAME = AppIcon;
				ASSETCATALOG_COMPILER_GLOBAL_ACCENT_COLOR_NAME = AccentColor;
				CODE_SIGN_STYLE = Automatic;
				CURRENT_PROJECT_VERSION = 1;
				DEVELOPMENT_TEAM = "";
				GENERATE_INFOPLIST_FILE = YES;
				INFOPLIST_FILE = Maddori.Apple/Global/Supports/Info.plist;
				INFOPLIST_KEY_CFBundleDisplayName = "키고";
				INFOPLIST_KEY_UIApplicationSupportsIndirectInputEvents = YES;
				INFOPLIST_KEY_UILaunchStoryboardName = LaunchScreen;
				INFOPLIST_KEY_UISupportedInterfaceOrientations_iPad = "UIInterfaceOrientationPortrait UIInterfaceOrientationPortraitUpsideDown UIInterfaceOrientationLandscapeLeft UIInterfaceOrientationLandscapeRight";
				INFOPLIST_KEY_UISupportedInterfaceOrientations_iPhone = "UIInterfaceOrientationPortrait UIInterfaceOrientationLandscapeLeft UIInterfaceOrientationLandscapeRight";
				INFOPLIST_KEY_UIUserInterfaceStyle = Light;
				LD_RUNPATH_SEARCH_PATHS = (
					"$(inherited)",
					"@executable_path/Frameworks",
				);
				MARKETING_VERSION = 1.1;
				PRODUCT_BUNDLE_IDENTIFIER = mingwan.Maddori.Apple.keygo;
				PRODUCT_NAME = Maddori.Apple;
				SUPPORTED_PLATFORMS = "iphoneos iphonesimulator";
				SUPPORTS_MACCATALYST = NO;
				SUPPORTS_MAC_DESIGNED_FOR_IPHONE_IPAD = NO;
				SWIFT_EMIT_LOC_STRINGS = YES;
				SWIFT_VERSION = 5.0;
				TARGETED_DEVICE_FAMILY = 1;
			};
			name = Debug;
		};
		39257DD728F8FEBE00201E0B /* Release */ = {
			isa = XCBuildConfiguration;
			buildSettings = {
				ASSETCATALOG_COMPILER_APPICON_NAME = AppIcon;
				ASSETCATALOG_COMPILER_GLOBAL_ACCENT_COLOR_NAME = AccentColor;
				CODE_SIGN_STYLE = Automatic;
				CURRENT_PROJECT_VERSION = 1;
				DEVELOPMENT_TEAM = "";
				GENERATE_INFOPLIST_FILE = YES;
				INFOPLIST_FILE = Maddori.Apple/Global/Supports/Info.plist;
				INFOPLIST_KEY_CFBundleDisplayName = "키고";
				INFOPLIST_KEY_UIApplicationSupportsIndirectInputEvents = YES;
				INFOPLIST_KEY_UILaunchStoryboardName = LaunchScreen;
				INFOPLIST_KEY_UISupportedInterfaceOrientations_iPad = "UIInterfaceOrientationPortrait UIInterfaceOrientationPortraitUpsideDown UIInterfaceOrientationLandscapeLeft UIInterfaceOrientationLandscapeRight";
				INFOPLIST_KEY_UISupportedInterfaceOrientations_iPhone = "UIInterfaceOrientationPortrait UIInterfaceOrientationLandscapeLeft UIInterfaceOrientationLandscapeRight";
				INFOPLIST_KEY_UIUserInterfaceStyle = Light;
				LD_RUNPATH_SEARCH_PATHS = (
					"$(inherited)",
					"@executable_path/Frameworks",
				);
				MARKETING_VERSION = 1.1;
				PRODUCT_BUNDLE_IDENTIFIER = mingwan.Maddori.Apple.keygo;
				PRODUCT_NAME = Maddori.Apple;
				SUPPORTED_PLATFORMS = "iphoneos iphonesimulator";
				SUPPORTS_MACCATALYST = NO;
				SUPPORTS_MAC_DESIGNED_FOR_IPHONE_IPAD = NO;
				SWIFT_EMIT_LOC_STRINGS = YES;
				SWIFT_VERSION = 5.0;
				TARGETED_DEVICE_FAMILY = 1;
			};
			name = Release;
		};
/* End XCBuildConfiguration section */

/* Begin XCConfigurationList section */
		39257DBC28F8FEBD00201E0B /* Build configuration list for PBXProject "Maddori.Apple" */ = {
			isa = XCConfigurationList;
			buildConfigurations = (
				39257DD328F8FEBE00201E0B /* Debug */,
				39257DD428F8FEBE00201E0B /* Release */,
			);
			defaultConfigurationIsVisible = 0;
			defaultConfigurationName = Release;
		};
		39257DD528F8FEBE00201E0B /* Build configuration list for PBXNativeTarget "Maddori.Apple" */ = {
			isa = XCConfigurationList;
			buildConfigurations = (
				39257DD628F8FEBE00201E0B /* Debug */,
				39257DD728F8FEBE00201E0B /* Release */,
			);
			defaultConfigurationIsVisible = 0;
			defaultConfigurationName = Release;
		};
/* End XCConfigurationList section */

/* Begin XCRemoteSwiftPackageReference section */
		395C7E1428F984B300FC2FCA /* XCRemoteSwiftPackageReference "SnapKit" */ = {
			isa = XCRemoteSwiftPackageReference;
			repositoryURL = "https://github.com/SnapKit/SnapKit.git";
			requirement = {
				kind = upToNextMajorVersion;
				minimumVersion = 5.0.0;
			};
		};
/* End XCRemoteSwiftPackageReference section */

/* Begin XCSwiftPackageProductDependency section */
		395C7E1528F984B300FC2FCA /* SnapKit */ = {
			isa = XCSwiftPackageProductDependency;
			package = 395C7E1428F984B300FC2FCA /* XCRemoteSwiftPackageReference "SnapKit" */;
			productName = SnapKit;
		};
/* End XCSwiftPackageProductDependency section */
	};
	rootObject = 39257DB928F8FEBD00201E0B /* Project object */;
}
